
Microsoft Visual Studio Solution File, Format Version 12.00
# Visual Studio 15
VisualStudioVersion = 15.0.27428.2015
MinimumVisualStudioVersion = 10.0.40219.1
Project("{9A19103F-16F7-4668-BE54-9A1E7A4F7556}") = "MobileDbs", "MobileDbs\MobileDbs\MobileDbs.csproj", "{933776CD-3F86-4215-AB05-13AC7879CE1F}"
EndProject
Project("{FAE04EC0-301F-11D3-BF4B-00C04F79EFBC}") = "MobileDbs.Android", "MobileDbs\MobileDbs.Android\MobileDbs.Android.csproj", "{CB313EA6-AD7D-44EB-AC4B-FB0FC9A46DD3}"
EndProject
Project("{FAE04EC0-301F-11D3-BF4B-00C04F79EFBC}") = "MobileDbs.iOS", "MobileDbs\MobileDbs.iOS\MobileDbs.iOS.csproj", "{1F5CDBD3-97BC-42F5-89F5-6BE752D6B48C}"
EndProject
Project("{FAE04EC0-301F-11D3-BF4B-00C04F79EFBC}") = "MobileDbs.UWP", "MobileDbs\MobileDbs.UWP\MobileDbs.UWP.csproj", "{DC0A2A8E-73CD-4279-8602-AF5287E0807A}"
EndProject
Project("{2150E333-8FDC-42A3-9474-1A3956D46DE8}") = "Domain", "Domain", "{BB10A23C-20E2-416E-B0C7-70CF29AFABD5}"
EndProject
Project("{2150E333-8FDC-42A3-9474-1A3956D46DE8}") = "Infrastructure", "Infrastructure", "{FF8A952C-3C4C-49B8-BE12-EEE3E8515CCF}"
EndProject
Project("{FAE04EC0-301F-11D3-BF4B-00C04F79EFBC}") = "MobileDbs.Domain.Services", "MobileDbs.Domain.Services\MobileDbs.Domain.Services.csproj", "{48A4B30C-074B-4637-9F7F-E8DB27472EAA}"
EndProject
Project("{FAE04EC0-301F-11D3-BF4B-00C04F79EFBC}") = "MobileDbs.Domain.Models", "MobileDbs.Domain.Models\MobileDbs.Domain.Models.csproj", "{BB4B20AA-6B57-40D0-99F5-4BE223DBE6B8}"
EndProject
Project("{FAE04EC0-301F-11D3-BF4B-00C04F79EFBC}") = "MobileDbs.Infrastructure", "MobileDbs.Infrastructure\MobileDbs.Infrastructure.csproj", "{FA63992A-8614-4A13-9F2D-74E87A681D69}"
EndProject
Project("{FAE04EC0-301F-11D3-BF4B-00C04F79EFBC}") = "MobileDbs.Infrastructure.Realm", "MobileDbs.Infrastructure.Realm\MobileDbs.Infrastructure.Realm.csproj", "{610BEF47-5386-40C8-AAFB-227A8A628C05}"
EndProject
Project("{FAE04EC0-301F-11D3-BF4B-00C04F79EFBC}") = "MobileDbs.Infrastructure.SQLite", "MobileDbs.Infrastructure.SQLite\MobileDbs.Infrastructure.SQLite.csproj", "{F7C4AB59-2EB7-4E54-A7F6-356E9D5F1B55}"
EndProject
Global
	GlobalSection(SolutionConfigurationPlatforms) = preSolution
		Ad-Hoc|Any CPU = Ad-Hoc|Any CPU
		Ad-Hoc|ARM = Ad-Hoc|ARM
		Ad-Hoc|iPhone = Ad-Hoc|iPhone
		Ad-Hoc|iPhoneSimulator = Ad-Hoc|iPhoneSimulator
		Ad-Hoc|x64 = Ad-Hoc|x64
		Ad-Hoc|x86 = Ad-Hoc|x86
		AppStore|Any CPU = AppStore|Any CPU
		AppStore|ARM = AppStore|ARM
		AppStore|iPhone = AppStore|iPhone
		AppStore|iPhoneSimulator = AppStore|iPhoneSimulator
		AppStore|x64 = AppStore|x64
		AppStore|x86 = AppStore|x86
		Debug|Any CPU = Debug|Any CPU
		Debug|ARM = Debug|ARM
		Debug|iPhone = Debug|iPhone
		Debug|iPhoneSimulator = Debug|iPhoneSimulator
		Debug|x64 = Debug|x64
		Debug|x86 = Debug|x86
		Release|Any CPU = Release|Any CPU
		Release|ARM = Release|ARM
		Release|iPhone = Release|iPhone
		Release|iPhoneSimulator = Release|iPhoneSimulator
		Release|x64 = Release|x64
		Release|x86 = Release|x86
	EndGlobalSection
	GlobalSection(ProjectConfigurationPlatforms) = postSolution
		{933776CD-3F86-4215-AB05-13AC7879CE1F}.Ad-Hoc|Any CPU.ActiveCfg = Debug|Any CPU
		{933776CD-3F86-4215-AB05-13AC7879CE1F}.Ad-Hoc|Any CPU.Build.0 = Debug|Any CPU
		{933776CD-3F86-4215-AB05-13AC7879CE1F}.Ad-Hoc|ARM.ActiveCfg = Debug|Any CPU
		{933776CD-3F86-4215-AB05-13AC7879CE1F}.Ad-Hoc|ARM.Build.0 = Debug|Any CPU
		{933776CD-3F86-4215-AB05-13AC7879CE1F}.Ad-Hoc|iPhone.ActiveCfg = Debug|Any CPU
		{933776CD-3F86-4215-AB05-13AC7879CE1F}.Ad-Hoc|iPhone.Build.0 = Debug|Any CPU
		{933776CD-3F86-4215-AB05-13AC7879CE1F}.Ad-Hoc|iPhoneSimulator.ActiveCfg = Debug|Any CPU
		{933776CD-3F86-4215-AB05-13AC7879CE1F}.Ad-Hoc|iPhoneSimulator.Build.0 = Debug|Any CPU
		{933776CD-3F86-4215-AB05-13AC7879CE1F}.Ad-Hoc|x64.ActiveCfg = Debug|Any CPU
		{933776CD-3F86-4215-AB05-13AC7879CE1F}.Ad-Hoc|x64.Build.0 = Debug|Any CPU
		{933776CD-3F86-4215-AB05-13AC7879CE1F}.Ad-Hoc|x86.ActiveCfg = Debug|Any CPU
		{933776CD-3F86-4215-AB05-13AC7879CE1F}.Ad-Hoc|x86.Build.0 = Debug|Any CPU
		{933776CD-3F86-4215-AB05-13AC7879CE1F}.AppStore|Any CPU.ActiveCfg = Debug|Any CPU
		{933776CD-3F86-4215-AB05-13AC7879CE1F}.AppStore|Any CPU.Build.0 = Debug|Any CPU
		{933776CD-3F86-4215-AB05-13AC7879CE1F}.AppStore|ARM.ActiveCfg = Debug|Any CPU
		{933776CD-3F86-4215-AB05-13AC7879CE1F}.AppStore|ARM.Build.0 = Debug|Any CPU
		{933776CD-3F86-4215-AB05-13AC7879CE1F}.AppStore|iPhone.ActiveCfg = Debug|Any CPU
		{933776CD-3F86-4215-AB05-13AC7879CE1F}.AppStore|iPhone.Build.0 = Debug|Any CPU
		{933776CD-3F86-4215-AB05-13AC7879CE1F}.AppStore|iPhoneSimulator.ActiveCfg = Debug|Any CPU
		{933776CD-3F86-4215-AB05-13AC7879CE1F}.AppStore|iPhoneSimulator.Build.0 = Debug|Any CPU
		{933776CD-3F86-4215-AB05-13AC7879CE1F}.AppStore|x64.ActiveCfg = Debug|Any CPU
		{933776CD-3F86-4215-AB05-13AC7879CE1F}.AppStore|x64.Build.0 = Debug|Any CPU
		{933776CD-3F86-4215-AB05-13AC7879CE1F}.AppStore|x86.ActiveCfg = Debug|Any CPU
		{933776CD-3F86-4215-AB05-13AC7879CE1F}.AppStore|x86.Build.0 = Debug|Any CPU
		{933776CD-3F86-4215-AB05-13AC7879CE1F}.Debug|Any CPU.ActiveCfg = Debug|Any CPU
		{933776CD-3F86-4215-AB05-13AC7879CE1F}.Debug|Any CPU.Build.0 = Debug|Any CPU
		{933776CD-3F86-4215-AB05-13AC7879CE1F}.Debug|ARM.ActiveCfg = Debug|Any CPU
		{933776CD-3F86-4215-AB05-13AC7879CE1F}.Debug|ARM.Build.0 = Debug|Any CPU
		{933776CD-3F86-4215-AB05-13AC7879CE1F}.Debug|iPhone.ActiveCfg = Debug|Any CPU
		{933776CD-3F86-4215-AB05-13AC7879CE1F}.Debug|iPhone.Build.0 = Debug|Any CPU
		{933776CD-3F86-4215-AB05-13AC7879CE1F}.Debug|iPhoneSimulator.ActiveCfg = Debug|Any CPU
		{933776CD-3F86-4215-AB05-13AC7879CE1F}.Debug|iPhoneSimulator.Build.0 = Debug|Any CPU
		{933776CD-3F86-4215-AB05-13AC7879CE1F}.Debug|x64.ActiveCfg = Debug|Any CPU
		{933776CD-3F86-4215-AB05-13AC7879CE1F}.Debug|x64.Build.0 = Debug|Any CPU
		{933776CD-3F86-4215-AB05-13AC7879CE1F}.Debug|x86.ActiveCfg = Debug|Any CPU
		{933776CD-3F86-4215-AB05-13AC7879CE1F}.Debug|x86.Build.0 = Debug|Any CPU
		{933776CD-3F86-4215-AB05-13AC7879CE1F}.Release|Any CPU.ActiveCfg = Release|Any CPU
		{933776CD-3F86-4215-AB05-13AC7879CE1F}.Release|Any CPU.Build.0 = Release|Any CPU
		{933776CD-3F86-4215-AB05-13AC7879CE1F}.Release|ARM.ActiveCfg = Release|Any CPU
		{933776CD-3F86-4215-AB05-13AC7879CE1F}.Release|ARM.Build.0 = Release|Any CPU
		{933776CD-3F86-4215-AB05-13AC7879CE1F}.Release|iPhone.ActiveCfg = Release|Any CPU
		{933776CD-3F86-4215-AB05-13AC7879CE1F}.Release|iPhone.Build.0 = Release|Any CPU
		{933776CD-3F86-4215-AB05-13AC7879CE1F}.Release|iPhoneSimulator.ActiveCfg = Release|Any CPU
		{933776CD-3F86-4215-AB05-13AC7879CE1F}.Release|iPhoneSimulator.Build.0 = Release|Any CPU
		{933776CD-3F86-4215-AB05-13AC7879CE1F}.Release|x64.ActiveCfg = Release|Any CPU
		{933776CD-3F86-4215-AB05-13AC7879CE1F}.Release|x64.Build.0 = Release|Any CPU
		{933776CD-3F86-4215-AB05-13AC7879CE1F}.Release|x86.ActiveCfg = Release|Any CPU
		{933776CD-3F86-4215-AB05-13AC7879CE1F}.Release|x86.Build.0 = Release|Any CPU
		{CB313EA6-AD7D-44EB-AC4B-FB0FC9A46DD3}.Ad-Hoc|Any CPU.ActiveCfg = Release|Any CPU
		{CB313EA6-AD7D-44EB-AC4B-FB0FC9A46DD3}.Ad-Hoc|Any CPU.Build.0 = Release|Any CPU
		{CB313EA6-AD7D-44EB-AC4B-FB0FC9A46DD3}.Ad-Hoc|Any CPU.Deploy.0 = Release|Any CPU
		{CB313EA6-AD7D-44EB-AC4B-FB0FC9A46DD3}.Ad-Hoc|ARM.ActiveCfg = Release|Any CPU
		{CB313EA6-AD7D-44EB-AC4B-FB0FC9A46DD3}.Ad-Hoc|ARM.Build.0 = Release|Any CPU
		{CB313EA6-AD7D-44EB-AC4B-FB0FC9A46DD3}.Ad-Hoc|ARM.Deploy.0 = Release|Any CPU
		{CB313EA6-AD7D-44EB-AC4B-FB0FC9A46DD3}.Ad-Hoc|iPhone.ActiveCfg = Release|Any CPU
		{CB313EA6-AD7D-44EB-AC4B-FB0FC9A46DD3}.Ad-Hoc|iPhone.Build.0 = Release|Any CPU
		{CB313EA6-AD7D-44EB-AC4B-FB0FC9A46DD3}.Ad-Hoc|iPhone.Deploy.0 = Release|Any CPU
		{CB313EA6-AD7D-44EB-AC4B-FB0FC9A46DD3}.Ad-Hoc|iPhoneSimulator.ActiveCfg = Release|Any CPU
		{CB313EA6-AD7D-44EB-AC4B-FB0FC9A46DD3}.Ad-Hoc|iPhoneSimulator.Build.0 = Release|Any CPU
		{CB313EA6-AD7D-44EB-AC4B-FB0FC9A46DD3}.Ad-Hoc|iPhoneSimulator.Deploy.0 = Release|Any CPU
		{CB313EA6-AD7D-44EB-AC4B-FB0FC9A46DD3}.Ad-Hoc|x64.ActiveCfg = Release|Any CPU
		{CB313EA6-AD7D-44EB-AC4B-FB0FC9A46DD3}.Ad-Hoc|x64.Build.0 = Release|Any CPU
		{CB313EA6-AD7D-44EB-AC4B-FB0FC9A46DD3}.Ad-Hoc|x64.Deploy.0 = Release|Any CPU
		{CB313EA6-AD7D-44EB-AC4B-FB0FC9A46DD3}.Ad-Hoc|x86.ActiveCfg = Release|Any CPU
		{CB313EA6-AD7D-44EB-AC4B-FB0FC9A46DD3}.Ad-Hoc|x86.Build.0 = Release|Any CPU
		{CB313EA6-AD7D-44EB-AC4B-FB0FC9A46DD3}.Ad-Hoc|x86.Deploy.0 = Release|Any CPU
		{CB313EA6-AD7D-44EB-AC4B-FB0FC9A46DD3}.AppStore|Any CPU.ActiveCfg = Release|Any CPU
		{CB313EA6-AD7D-44EB-AC4B-FB0FC9A46DD3}.AppStore|Any CPU.Build.0 = Release|Any CPU
		{CB313EA6-AD7D-44EB-AC4B-FB0FC9A46DD3}.AppStore|Any CPU.Deploy.0 = Release|Any CPU
		{CB313EA6-AD7D-44EB-AC4B-FB0FC9A46DD3}.AppStore|ARM.ActiveCfg = Release|Any CPU
		{CB313EA6-AD7D-44EB-AC4B-FB0FC9A46DD3}.AppStore|ARM.Build.0 = Release|Any CPU
		{CB313EA6-AD7D-44EB-AC4B-FB0FC9A46DD3}.AppStore|ARM.Deploy.0 = Release|Any CPU
		{CB313EA6-AD7D-44EB-AC4B-FB0FC9A46DD3}.AppStore|iPhone.ActiveCfg = Release|Any CPU
		{CB313EA6-AD7D-44EB-AC4B-FB0FC9A46DD3}.AppStore|iPhone.Build.0 = Release|Any CPU
		{CB313EA6-AD7D-44EB-AC4B-FB0FC9A46DD3}.AppStore|iPhone.Deploy.0 = Release|Any CPU
		{CB313EA6-AD7D-44EB-AC4B-FB0FC9A46DD3}.AppStore|iPhoneSimulator.ActiveCfg = Release|Any CPU
		{CB313EA6-AD7D-44EB-AC4B-FB0FC9A46DD3}.AppStore|iPhoneSimulator.Build.0 = Release|Any CPU
		{CB313EA6-AD7D-44EB-AC4B-FB0FC9A46DD3}.AppStore|iPhoneSimulator.Deploy.0 = Release|Any CPU
		{CB313EA6-AD7D-44EB-AC4B-FB0FC9A46DD3}.AppStore|x64.ActiveCfg = Release|Any CPU
		{CB313EA6-AD7D-44EB-AC4B-FB0FC9A46DD3}.AppStore|x64.Build.0 = Release|Any CPU
		{CB313EA6-AD7D-44EB-AC4B-FB0FC9A46DD3}.AppStore|x64.Deploy.0 = Release|Any CPU
		{CB313EA6-AD7D-44EB-AC4B-FB0FC9A46DD3}.AppStore|x86.ActiveCfg = Release|Any CPU
		{CB313EA6-AD7D-44EB-AC4B-FB0FC9A46DD3}.AppStore|x86.Build.0 = Release|Any CPU
		{CB313EA6-AD7D-44EB-AC4B-FB0FC9A46DD3}.AppStore|x86.Deploy.0 = Release|Any CPU
		{CB313EA6-AD7D-44EB-AC4B-FB0FC9A46DD3}.Debug|Any CPU.ActiveCfg = Debug|Any CPU
		{CB313EA6-AD7D-44EB-AC4B-FB0FC9A46DD3}.Debug|Any CPU.Build.0 = Debug|Any CPU
		{CB313EA6-AD7D-44EB-AC4B-FB0FC9A46DD3}.Debug|Any CPU.Deploy.0 = Debug|Any CPU
		{CB313EA6-AD7D-44EB-AC4B-FB0FC9A46DD3}.Debug|ARM.ActiveCfg = Debug|Any CPU
		{CB313EA6-AD7D-44EB-AC4B-FB0FC9A46DD3}.Debug|ARM.Build.0 = Debug|Any CPU
		{CB313EA6-AD7D-44EB-AC4B-FB0FC9A46DD3}.Debug|ARM.Deploy.0 = Debug|Any CPU
		{CB313EA6-AD7D-44EB-AC4B-FB0FC9A46DD3}.Debug|iPhone.ActiveCfg = Debug|Any CPU
		{CB313EA6-AD7D-44EB-AC4B-FB0FC9A46DD3}.Debug|iPhone.Build.0 = Debug|Any CPU
		{CB313EA6-AD7D-44EB-AC4B-FB0FC9A46DD3}.Debug|iPhone.Deploy.0 = Debug|Any CPU
		{CB313EA6-AD7D-44EB-AC4B-FB0FC9A46DD3}.Debug|iPhoneSimulator.ActiveCfg = Debug|Any CPU
		{CB313EA6-AD7D-44EB-AC4B-FB0FC9A46DD3}.Debug|iPhoneSimulator.Build.0 = Debug|Any CPU
		{CB313EA6-AD7D-44EB-AC4B-FB0FC9A46DD3}.Debug|iPhoneSimulator.Deploy.0 = Debug|Any CPU
		{CB313EA6-AD7D-44EB-AC4B-FB0FC9A46DD3}.Debug|x64.ActiveCfg = Debug|Any CPU
		{CB313EA6-AD7D-44EB-AC4B-FB0FC9A46DD3}.Debug|x64.Build.0 = Debug|Any CPU
		{CB313EA6-AD7D-44EB-AC4B-FB0FC9A46DD3}.Debug|x64.Deploy.0 = Debug|Any CPU
		{CB313EA6-AD7D-44EB-AC4B-FB0FC9A46DD3}.Debug|x86.ActiveCfg = Debug|Any CPU
		{CB313EA6-AD7D-44EB-AC4B-FB0FC9A46DD3}.Debug|x86.Build.0 = Debug|Any CPU
		{CB313EA6-AD7D-44EB-AC4B-FB0FC9A46DD3}.Debug|x86.Deploy.0 = Debug|Any CPU
		{CB313EA6-AD7D-44EB-AC4B-FB0FC9A46DD3}.Release|Any CPU.ActiveCfg = Release|Any CPU
		{CB313EA6-AD7D-44EB-AC4B-FB0FC9A46DD3}.Release|Any CPU.Build.0 = Release|Any CPU
		{CB313EA6-AD7D-44EB-AC4B-FB0FC9A46DD3}.Release|Any CPU.Deploy.0 = Release|Any CPU
		{CB313EA6-AD7D-44EB-AC4B-FB0FC9A46DD3}.Release|ARM.ActiveCfg = Release|Any CPU
		{CB313EA6-AD7D-44EB-AC4B-FB0FC9A46DD3}.Release|ARM.Build.0 = Release|Any CPU
		{CB313EA6-AD7D-44EB-AC4B-FB0FC9A46DD3}.Release|ARM.Deploy.0 = Release|Any CPU
		{CB313EA6-AD7D-44EB-AC4B-FB0FC9A46DD3}.Release|iPhone.ActiveCfg = Release|Any CPU
		{CB313EA6-AD7D-44EB-AC4B-FB0FC9A46DD3}.Release|iPhone.Build.0 = Release|Any CPU
		{CB313EA6-AD7D-44EB-AC4B-FB0FC9A46DD3}.Release|iPhone.Deploy.0 = Release|Any CPU
		{CB313EA6-AD7D-44EB-AC4B-FB0FC9A46DD3}.Release|iPhoneSimulator.ActiveCfg = Release|Any CPU
		{CB313EA6-AD7D-44EB-AC4B-FB0FC9A46DD3}.Release|iPhoneSimulator.Build.0 = Release|Any CPU
		{CB313EA6-AD7D-44EB-AC4B-FB0FC9A46DD3}.Release|iPhoneSimulator.Deploy.0 = Release|Any CPU
		{CB313EA6-AD7D-44EB-AC4B-FB0FC9A46DD3}.Release|x64.ActiveCfg = Release|Any CPU
		{CB313EA6-AD7D-44EB-AC4B-FB0FC9A46DD3}.Release|x64.Build.0 = Release|Any CPU
		{CB313EA6-AD7D-44EB-AC4B-FB0FC9A46DD3}.Release|x64.Deploy.0 = Release|Any CPU
		{CB313EA6-AD7D-44EB-AC4B-FB0FC9A46DD3}.Release|x86.ActiveCfg = Release|Any CPU
		{CB313EA6-AD7D-44EB-AC4B-FB0FC9A46DD3}.Release|x86.Build.0 = Release|Any CPU
		{CB313EA6-AD7D-44EB-AC4B-FB0FC9A46DD3}.Release|x86.Deploy.0 = Release|Any CPU
		{1F5CDBD3-97BC-42F5-89F5-6BE752D6B48C}.Ad-Hoc|Any CPU.ActiveCfg = Ad-Hoc|iPhone
		{1F5CDBD3-97BC-42F5-89F5-6BE752D6B48C}.Ad-Hoc|ARM.ActiveCfg = Ad-Hoc|iPhone
		{1F5CDBD3-97BC-42F5-89F5-6BE752D6B48C}.Ad-Hoc|iPhone.ActiveCfg = Ad-Hoc|iPhone
		{1F5CDBD3-97BC-42F5-89F5-6BE752D6B48C}.Ad-Hoc|iPhone.Build.0 = Ad-Hoc|iPhone
		{1F5CDBD3-97BC-42F5-89F5-6BE752D6B48C}.Ad-Hoc|iPhoneSimulator.ActiveCfg = Ad-Hoc|iPhoneSimulator
		{1F5CDBD3-97BC-42F5-89F5-6BE752D6B48C}.Ad-Hoc|iPhoneSimulator.Build.0 = Ad-Hoc|iPhoneSimulator
		{1F5CDBD3-97BC-42F5-89F5-6BE752D6B48C}.Ad-Hoc|x64.ActiveCfg = Ad-Hoc|iPhone
		{1F5CDBD3-97BC-42F5-89F5-6BE752D6B48C}.Ad-Hoc|x86.ActiveCfg = Ad-Hoc|iPhone
		{1F5CDBD3-97BC-42F5-89F5-6BE752D6B48C}.AppStore|Any CPU.ActiveCfg = AppStore|iPhone
		{1F5CDBD3-97BC-42F5-89F5-6BE752D6B48C}.AppStore|ARM.ActiveCfg = AppStore|iPhone
		{1F5CDBD3-97BC-42F5-89F5-6BE752D6B48C}.AppStore|iPhone.ActiveCfg = AppStore|iPhone
		{1F5CDBD3-97BC-42F5-89F5-6BE752D6B48C}.AppStore|iPhone.Build.0 = AppStore|iPhone
		{1F5CDBD3-97BC-42F5-89F5-6BE752D6B48C}.AppStore|iPhoneSimulator.ActiveCfg = AppStore|iPhoneSimulator
		{1F5CDBD3-97BC-42F5-89F5-6BE752D6B48C}.AppStore|iPhoneSimulator.Build.0 = AppStore|iPhoneSimulator
		{1F5CDBD3-97BC-42F5-89F5-6BE752D6B48C}.AppStore|x64.ActiveCfg = AppStore|iPhone
		{1F5CDBD3-97BC-42F5-89F5-6BE752D6B48C}.AppStore|x86.ActiveCfg = AppStore|iPhone
		{1F5CDBD3-97BC-42F5-89F5-6BE752D6B48C}.Debug|Any CPU.ActiveCfg = Debug|iPhone
		{1F5CDBD3-97BC-42F5-89F5-6BE752D6B48C}.Debug|ARM.ActiveCfg = Debug|iPhone
		{1F5CDBD3-97BC-42F5-89F5-6BE752D6B48C}.Debug|iPhone.ActiveCfg = Debug|iPhone
		{1F5CDBD3-97BC-42F5-89F5-6BE752D6B48C}.Debug|iPhone.Build.0 = Debug|iPhone
		{1F5CDBD3-97BC-42F5-89F5-6BE752D6B48C}.Debug|iPhoneSimulator.ActiveCfg = Debug|iPhoneSimulator
		{1F5CDBD3-97BC-42F5-89F5-6BE752D6B48C}.Debug|iPhoneSimulator.Build.0 = Debug|iPhoneSimulator
		{1F5CDBD3-97BC-42F5-89F5-6BE752D6B48C}.Debug|x64.ActiveCfg = Debug|iPhone
		{1F5CDBD3-97BC-42F5-89F5-6BE752D6B48C}.Debug|x86.ActiveCfg = Debug|iPhone
		{1F5CDBD3-97BC-42F5-89F5-6BE752D6B48C}.Release|Any CPU.ActiveCfg = Release|iPhone
		{1F5CDBD3-97BC-42F5-89F5-6BE752D6B48C}.Release|ARM.ActiveCfg = Release|iPhone
		{1F5CDBD3-97BC-42F5-89F5-6BE752D6B48C}.Release|iPhone.ActiveCfg = Release|iPhone
		{1F5CDBD3-97BC-42F5-89F5-6BE752D6B48C}.Release|iPhone.Build.0 = Release|iPhone
		{1F5CDBD3-97BC-42F5-89F5-6BE752D6B48C}.Release|iPhoneSimulator.ActiveCfg = Release|iPhoneSimulator
		{1F5CDBD3-97BC-42F5-89F5-6BE752D6B48C}.Release|iPhoneSimulator.Build.0 = Release|iPhoneSimulator
		{1F5CDBD3-97BC-42F5-89F5-6BE752D6B48C}.Release|x64.ActiveCfg = Release|iPhone
		{1F5CDBD3-97BC-42F5-89F5-6BE752D6B48C}.Release|x86.ActiveCfg = Release|iPhone
		{DC0A2A8E-73CD-4279-8602-AF5287E0807A}.Ad-Hoc|Any CPU.ActiveCfg = Release|x86
		{DC0A2A8E-73CD-4279-8602-AF5287E0807A}.Ad-Hoc|Any CPU.Build.0 = Release|x86
		{DC0A2A8E-73CD-4279-8602-AF5287E0807A}.Ad-Hoc|Any CPU.Deploy.0 = Release|x86
		{DC0A2A8E-73CD-4279-8602-AF5287E0807A}.Ad-Hoc|ARM.ActiveCfg = Release|ARM
		{DC0A2A8E-73CD-4279-8602-AF5287E0807A}.Ad-Hoc|ARM.Build.0 = Release|ARM
		{DC0A2A8E-73CD-4279-8602-AF5287E0807A}.Ad-Hoc|ARM.Deploy.0 = Release|ARM
		{DC0A2A8E-73CD-4279-8602-AF5287E0807A}.Ad-Hoc|iPhone.ActiveCfg = Release|x86
		{DC0A2A8E-73CD-4279-8602-AF5287E0807A}.Ad-Hoc|iPhone.Build.0 = Release|x86
		{DC0A2A8E-73CD-4279-8602-AF5287E0807A}.Ad-Hoc|iPhone.Deploy.0 = Release|x86
		{DC0A2A8E-73CD-4279-8602-AF5287E0807A}.Ad-Hoc|iPhoneSimulator.ActiveCfg = Release|x86
		{DC0A2A8E-73CD-4279-8602-AF5287E0807A}.Ad-Hoc|iPhoneSimulator.Build.0 = Release|x86
		{DC0A2A8E-73CD-4279-8602-AF5287E0807A}.Ad-Hoc|iPhoneSimulator.Deploy.0 = Release|x86
		{DC0A2A8E-73CD-4279-8602-AF5287E0807A}.Ad-Hoc|x64.ActiveCfg = Release|x64
		{DC0A2A8E-73CD-4279-8602-AF5287E0807A}.Ad-Hoc|x64.Build.0 = Release|x64
		{DC0A2A8E-73CD-4279-8602-AF5287E0807A}.Ad-Hoc|x64.Deploy.0 = Release|x64
		{DC0A2A8E-73CD-4279-8602-AF5287E0807A}.Ad-Hoc|x86.ActiveCfg = Release|x86
		{DC0A2A8E-73CD-4279-8602-AF5287E0807A}.Ad-Hoc|x86.Build.0 = Release|x86
		{DC0A2A8E-73CD-4279-8602-AF5287E0807A}.Ad-Hoc|x86.Deploy.0 = Release|x86
		{DC0A2A8E-73CD-4279-8602-AF5287E0807A}.AppStore|Any CPU.ActiveCfg = Release|x86
		{DC0A2A8E-73CD-4279-8602-AF5287E0807A}.AppStore|Any CPU.Build.0 = Release|x86
		{DC0A2A8E-73CD-4279-8602-AF5287E0807A}.AppStore|Any CPU.Deploy.0 = Release|x86
		{DC0A2A8E-73CD-4279-8602-AF5287E0807A}.AppStore|ARM.ActiveCfg = Release|ARM
		{DC0A2A8E-73CD-4279-8602-AF5287E0807A}.AppStore|ARM.Build.0 = Release|ARM
		{DC0A2A8E-73CD-4279-8602-AF5287E0807A}.AppStore|ARM.Deploy.0 = Release|ARM
		{DC0A2A8E-73CD-4279-8602-AF5287E0807A}.AppStore|iPhone.ActiveCfg = Release|x86
		{DC0A2A8E-73CD-4279-8602-AF5287E0807A}.AppStore|iPhone.Build.0 = Release|x86
		{DC0A2A8E-73CD-4279-8602-AF5287E0807A}.AppStore|iPhone.Deploy.0 = Release|x86
		{DC0A2A8E-73CD-4279-8602-AF5287E0807A}.AppStore|iPhoneSimulator.ActiveCfg = Release|x86
		{DC0A2A8E-73CD-4279-8602-AF5287E0807A}.AppStore|iPhoneSimulator.Build.0 = Release|x86
		{DC0A2A8E-73CD-4279-8602-AF5287E0807A}.AppStore|iPhoneSimulator.Deploy.0 = Release|x86
		{DC0A2A8E-73CD-4279-8602-AF5287E0807A}.AppStore|x64.ActiveCfg = Release|x64
		{DC0A2A8E-73CD-4279-8602-AF5287E0807A}.AppStore|x64.Build.0 = Release|x64
		{DC0A2A8E-73CD-4279-8602-AF5287E0807A}.AppStore|x64.Deploy.0 = Release|x64
		{DC0A2A8E-73CD-4279-8602-AF5287E0807A}.AppStore|x86.ActiveCfg = Release|x86
		{DC0A2A8E-73CD-4279-8602-AF5287E0807A}.AppStore|x86.Build.0 = Release|x86
		{DC0A2A8E-73CD-4279-8602-AF5287E0807A}.AppStore|x86.Deploy.0 = Release|x86
		{DC0A2A8E-73CD-4279-8602-AF5287E0807A}.Debug|Any CPU.ActiveCfg = Debug|x86
		{DC0A2A8E-73CD-4279-8602-AF5287E0807A}.Debug|ARM.ActiveCfg = Debug|ARM
		{DC0A2A8E-73CD-4279-8602-AF5287E0807A}.Debug|ARM.Build.0 = Debug|ARM
		{DC0A2A8E-73CD-4279-8602-AF5287E0807A}.Debug|ARM.Deploy.0 = Debug|ARM
		{DC0A2A8E-73CD-4279-8602-AF5287E0807A}.Debug|iPhone.ActiveCfg = Debug|x86
		{DC0A2A8E-73CD-4279-8602-AF5287E0807A}.Debug|iPhoneSimulator.ActiveCfg = Debug|x86
		{DC0A2A8E-73CD-4279-8602-AF5287E0807A}.Debug|x64.ActiveCfg = Debug|x64
		{DC0A2A8E-73CD-4279-8602-AF5287E0807A}.Debug|x64.Build.0 = Debug|x64
		{DC0A2A8E-73CD-4279-8602-AF5287E0807A}.Debug|x64.Deploy.0 = Debug|x64
		{DC0A2A8E-73CD-4279-8602-AF5287E0807A}.Debug|x86.ActiveCfg = Debug|x86
		{DC0A2A8E-73CD-4279-8602-AF5287E0807A}.Debug|x86.Build.0 = Debug|x86
		{DC0A2A8E-73CD-4279-8602-AF5287E0807A}.Debug|x86.Deploy.0 = Debug|x86
		{DC0A2A8E-73CD-4279-8602-AF5287E0807A}.Release|Any CPU.ActiveCfg = Release|x86
		{DC0A2A8E-73CD-4279-8602-AF5287E0807A}.Release|ARM.ActiveCfg = Release|ARM
		{DC0A2A8E-73CD-4279-8602-AF5287E0807A}.Release|ARM.Build.0 = Release|ARM
		{DC0A2A8E-73CD-4279-8602-AF5287E0807A}.Release|ARM.Deploy.0 = Release|ARM
		{DC0A2A8E-73CD-4279-8602-AF5287E0807A}.Release|iPhone.ActiveCfg = Release|x86
		{DC0A2A8E-73CD-4279-8602-AF5287E0807A}.Release|iPhoneSimulator.ActiveCfg = Release|x86
		{DC0A2A8E-73CD-4279-8602-AF5287E0807A}.Release|x64.ActiveCfg = Release|x64
		{DC0A2A8E-73CD-4279-8602-AF5287E0807A}.Release|x64.Build.0 = Release|x64
		{DC0A2A8E-73CD-4279-8602-AF5287E0807A}.Release|x64.Deploy.0 = Release|x64
		{DC0A2A8E-73CD-4279-8602-AF5287E0807A}.Release|x86.ActiveCfg = Release|x86
		{DC0A2A8E-73CD-4279-8602-AF5287E0807A}.Release|x86.Build.0 = Release|x86
		{DC0A2A8E-73CD-4279-8602-AF5287E0807A}.Release|x86.Deploy.0 = Release|x86
		{48A4B30C-074B-4637-9F7F-E8DB27472EAA}.Ad-Hoc|Any CPU.ActiveCfg = Debug|Any CPU
		{48A4B30C-074B-4637-9F7F-E8DB27472EAA}.Ad-Hoc|Any CPU.Build.0 = Debug|Any CPU
		{48A4B30C-074B-4637-9F7F-E8DB27472EAA}.Ad-Hoc|ARM.ActiveCfg = Debug|Any CPU
		{48A4B30C-074B-4637-9F7F-E8DB27472EAA}.Ad-Hoc|ARM.Build.0 = Debug|Any CPU
		{48A4B30C-074B-4637-9F7F-E8DB27472EAA}.Ad-Hoc|iPhone.ActiveCfg = Debug|Any CPU
		{48A4B30C-074B-4637-9F7F-E8DB27472EAA}.Ad-Hoc|iPhone.Build.0 = Debug|Any CPU
		{48A4B30C-074B-4637-9F7F-E8DB27472EAA}.Ad-Hoc|iPhoneSimulator.ActiveCfg = Debug|Any CPU
		{48A4B30C-074B-4637-9F7F-E8DB27472EAA}.Ad-Hoc|iPhoneSimulator.Build.0 = Debug|Any CPU
		{48A4B30C-074B-4637-9F7F-E8DB27472EAA}.Ad-Hoc|x64.ActiveCfg = Debug|Any CPU
		{48A4B30C-074B-4637-9F7F-E8DB27472EAA}.Ad-Hoc|x64.Build.0 = Debug|Any CPU
		{48A4B30C-074B-4637-9F7F-E8DB27472EAA}.Ad-Hoc|x86.ActiveCfg = Debug|Any CPU
		{48A4B30C-074B-4637-9F7F-E8DB27472EAA}.Ad-Hoc|x86.Build.0 = Debug|Any CPU
		{48A4B30C-074B-4637-9F7F-E8DB27472EAA}.AppStore|Any CPU.ActiveCfg = Debug|Any CPU
		{48A4B30C-074B-4637-9F7F-E8DB27472EAA}.AppStore|Any CPU.Build.0 = Debug|Any CPU
		{48A4B30C-074B-4637-9F7F-E8DB27472EAA}.AppStore|ARM.ActiveCfg = Debug|Any CPU
		{48A4B30C-074B-4637-9F7F-E8DB27472EAA}.AppStore|ARM.Build.0 = Debug|Any CPU
		{48A4B30C-074B-4637-9F7F-E8DB27472EAA}.AppStore|iPhone.ActiveCfg = Debug|Any CPU
		{48A4B30C-074B-4637-9F7F-E8DB27472EAA}.AppStore|iPhone.Build.0 = Debug|Any CPU
		{48A4B30C-074B-4637-9F7F-E8DB27472EAA}.AppStore|iPhoneSimulator.ActiveCfg = Debug|Any CPU
		{48A4B30C-074B-4637-9F7F-E8DB27472EAA}.AppStore|iPhoneSimulator.Build.0 = Debug|Any CPU
		{48A4B30C-074B-4637-9F7F-E8DB27472EAA}.AppStore|x64.ActiveCfg = Debug|Any CPU
		{48A4B30C-074B-4637-9F7F-E8DB27472EAA}.AppStore|x64.Build.0 = Debug|Any CPU
		{48A4B30C-074B-4637-9F7F-E8DB27472EAA}.AppStore|x86.ActiveCfg = Debug|Any CPU
		{48A4B30C-074B-4637-9F7F-E8DB27472EAA}.AppStore|x86.Build.0 = Debug|Any CPU
		{48A4B30C-074B-4637-9F7F-E8DB27472EAA}.Debug|Any CPU.ActiveCfg = Debug|Any CPU
		{48A4B30C-074B-4637-9F7F-E8DB27472EAA}.Debug|Any CPU.Build.0 = Debug|Any CPU
		{48A4B30C-074B-4637-9F7F-E8DB27472EAA}.Debug|ARM.ActiveCfg = Debug|Any CPU
		{48A4B30C-074B-4637-9F7F-E8DB27472EAA}.Debug|ARM.Build.0 = Debug|Any CPU
		{48A4B30C-074B-4637-9F7F-E8DB27472EAA}.Debug|iPhone.ActiveCfg = Debug|Any CPU
		{48A4B30C-074B-4637-9F7F-E8DB27472EAA}.Debug|iPhone.Build.0 = Debug|Any CPU
		{48A4B30C-074B-4637-9F7F-E8DB27472EAA}.Debug|iPhoneSimulator.ActiveCfg = Debug|Any CPU
		{48A4B30C-074B-4637-9F7F-E8DB27472EAA}.Debug|iPhoneSimulator.Build.0 = Debug|Any CPU
		{48A4B30C-074B-4637-9F7F-E8DB27472EAA}.Debug|x64.ActiveCfg = Debug|Any CPU
		{48A4B30C-074B-4637-9F7F-E8DB27472EAA}.Debug|x64.Build.0 = Debug|Any CPU
		{48A4B30C-074B-4637-9F7F-E8DB27472EAA}.Debug|x86.ActiveCfg = Debug|Any CPU
		{48A4B30C-074B-4637-9F7F-E8DB27472EAA}.Debug|x86.Build.0 = Debug|Any CPU
		{48A4B30C-074B-4637-9F7F-E8DB27472EAA}.Release|Any CPU.ActiveCfg = Release|Any CPU
		{48A4B30C-074B-4637-9F7F-E8DB27472EAA}.Release|Any CPU.Build.0 = Release|Any CPU
		{48A4B30C-074B-4637-9F7F-E8DB27472EAA}.Release|ARM.ActiveCfg = Release|Any CPU
		{48A4B30C-074B-4637-9F7F-E8DB27472EAA}.Release|ARM.Build.0 = Release|Any CPU
		{48A4B30C-074B-4637-9F7F-E8DB27472EAA}.Release|iPhone.ActiveCfg = Release|Any CPU
		{48A4B30C-074B-4637-9F7F-E8DB27472EAA}.Release|iPhone.Build.0 = Release|Any CPU
		{48A4B30C-074B-4637-9F7F-E8DB27472EAA}.Release|iPhoneSimulator.ActiveCfg = Release|Any CPU
		{48A4B30C-074B-4637-9F7F-E8DB27472EAA}.Release|iPhoneSimulator.Build.0 = Release|Any CPU
		{48A4B30C-074B-4637-9F7F-E8DB27472EAA}.Release|x64.ActiveCfg = Release|Any CPU
		{48A4B30C-074B-4637-9F7F-E8DB27472EAA}.Release|x64.Build.0 = Release|Any CPU
		{48A4B30C-074B-4637-9F7F-E8DB27472EAA}.Release|x86.ActiveCfg = Release|Any CPU
		{48A4B30C-074B-4637-9F7F-E8DB27472EAA}.Release|x86.Build.0 = Release|Any CPU
		{BB4B20AA-6B57-40D0-99F5-4BE223DBE6B8}.Ad-Hoc|Any CPU.ActiveCfg = Debug|Any CPU
		{BB4B20AA-6B57-40D0-99F5-4BE223DBE6B8}.Ad-Hoc|Any CPU.Build.0 = Debug|Any CPU
		{BB4B20AA-6B57-40D0-99F5-4BE223DBE6B8}.Ad-Hoc|ARM.ActiveCfg = Debug|Any CPU
		{BB4B20AA-6B57-40D0-99F5-4BE223DBE6B8}.Ad-Hoc|ARM.Build.0 = Debug|Any CPU
		{BB4B20AA-6B57-40D0-99F5-4BE223DBE6B8}.Ad-Hoc|iPhone.ActiveCfg = Debug|Any CPU
		{BB4B20AA-6B57-40D0-99F5-4BE223DBE6B8}.Ad-Hoc|iPhone.Build.0 = Debug|Any CPU
		{BB4B20AA-6B57-40D0-99F5-4BE223DBE6B8}.Ad-Hoc|iPhoneSimulator.ActiveCfg = Debug|Any CPU
		{BB4B20AA-6B57-40D0-99F5-4BE223DBE6B8}.Ad-Hoc|iPhoneSimulator.Build.0 = Debug|Any CPU
		{BB4B20AA-6B57-40D0-99F5-4BE223DBE6B8}.Ad-Hoc|x64.ActiveCfg = Debug|Any CPU
		{BB4B20AA-6B57-40D0-99F5-4BE223DBE6B8}.Ad-Hoc|x64.Build.0 = Debug|Any CPU
		{BB4B20AA-6B57-40D0-99F5-4BE223DBE6B8}.Ad-Hoc|x86.ActiveCfg = Debug|Any CPU
		{BB4B20AA-6B57-40D0-99F5-4BE223DBE6B8}.Ad-Hoc|x86.Build.0 = Debug|Any CPU
		{BB4B20AA-6B57-40D0-99F5-4BE223DBE6B8}.AppStore|Any CPU.ActiveCfg = Debug|Any CPU
		{BB4B20AA-6B57-40D0-99F5-4BE223DBE6B8}.AppStore|Any CPU.Build.0 = Debug|Any CPU
		{BB4B20AA-6B57-40D0-99F5-4BE223DBE6B8}.AppStore|ARM.ActiveCfg = Debug|Any CPU
		{BB4B20AA-6B57-40D0-99F5-4BE223DBE6B8}.AppStore|ARM.Build.0 = Debug|Any CPU
		{BB4B20AA-6B57-40D0-99F5-4BE223DBE6B8}.AppStore|iPhone.ActiveCfg = Debug|Any CPU
		{BB4B20AA-6B57-40D0-99F5-4BE223DBE6B8}.AppStore|iPhone.Build.0 = Debug|Any CPU
		{BB4B20AA-6B57-40D0-99F5-4BE223DBE6B8}.AppStore|iPhoneSimulator.ActiveCfg = Debug|Any CPU
		{BB4B20AA-6B57-40D0-99F5-4BE223DBE6B8}.AppStore|iPhoneSimulator.Build.0 = Debug|Any CPU
		{BB4B20AA-6B57-40D0-99F5-4BE223DBE6B8}.AppStore|x64.ActiveCfg = Debug|Any CPU
		{BB4B20AA-6B57-40D0-99F5-4BE223DBE6B8}.AppStore|x64.Build.0 = Debug|Any CPU
		{BB4B20AA-6B57-40D0-99F5-4BE223DBE6B8}.AppStore|x86.ActiveCfg = Debug|Any CPU
		{BB4B20AA-6B57-40D0-99F5-4BE223DBE6B8}.AppStore|x86.Build.0 = Debug|Any CPU
		{BB4B20AA-6B57-40D0-99F5-4BE223DBE6B8}.Debug|Any CPU.ActiveCfg = Debug|Any CPU
		{BB4B20AA-6B57-40D0-99F5-4BE223DBE6B8}.Debug|Any CPU.Build.0 = Debug|Any CPU
		{BB4B20AA-6B57-40D0-99F5-4BE223DBE6B8}.Debug|ARM.ActiveCfg = Debug|Any CPU
		{BB4B20AA-6B57-40D0-99F5-4BE223DBE6B8}.Debug|ARM.Build.0 = Debug|Any CPU
		{BB4B20AA-6B57-40D0-99F5-4BE223DBE6B8}.Debug|iPhone.ActiveCfg = Debug|Any CPU
		{BB4B20AA-6B57-40D0-99F5-4BE223DBE6B8}.Debug|iPhone.Build.0 = Debug|Any CPU
		{BB4B20AA-6B57-40D0-99F5-4BE223DBE6B8}.Debug|iPhoneSimulator.ActiveCfg = Debug|Any CPU
		{BB4B20AA-6B57-40D0-99F5-4BE223DBE6B8}.Debug|iPhoneSimulator.Build.0 = Debug|Any CPU
		{BB4B20AA-6B57-40D0-99F5-4BE223DBE6B8}.Debug|x64.ActiveCfg = Debug|Any CPU
		{BB4B20AA-6B57-40D0-99F5-4BE223DBE6B8}.Debug|x64.Build.0 = Debug|Any CPU
		{BB4B20AA-6B57-40D0-99F5-4BE223DBE6B8}.Debug|x86.ActiveCfg = Debug|Any CPU
		{BB4B20AA-6B57-40D0-99F5-4BE223DBE6B8}.Debug|x86.Build.0 = Debug|Any CPU
		{BB4B20AA-6B57-40D0-99F5-4BE223DBE6B8}.Release|Any CPU.ActiveCfg = Release|Any CPU
		{BB4B20AA-6B57-40D0-99F5-4BE223DBE6B8}.Release|Any CPU.Build.0 = Release|Any CPU
		{BB4B20AA-6B57-40D0-99F5-4BE223DBE6B8}.Release|ARM.ActiveCfg = Release|Any CPU
		{BB4B20AA-6B57-40D0-99F5-4BE223DBE6B8}.Release|ARM.Build.0 = Release|Any CPU
		{BB4B20AA-6B57-40D0-99F5-4BE223DBE6B8}.Release|iPhone.ActiveCfg = Release|Any CPU
		{BB4B20AA-6B57-40D0-99F5-4BE223DBE6B8}.Release|iPhone.Build.0 = Release|Any CPU
		{BB4B20AA-6B57-40D0-99F5-4BE223DBE6B8}.Release|iPhoneSimulator.ActiveCfg = Release|Any CPU
		{BB4B20AA-6B57-40D0-99F5-4BE223DBE6B8}.Release|iPhoneSimulator.Build.0 = Release|Any CPU
		{BB4B20AA-6B57-40D0-99F5-4BE223DBE6B8}.Release|x64.ActiveCfg = Release|Any CPU
		{BB4B20AA-6B57-40D0-99F5-4BE223DBE6B8}.Release|x64.Build.0 = Release|Any CPU
		{BB4B20AA-6B57-40D0-99F5-4BE223DBE6B8}.Release|x86.ActiveCfg = Release|Any CPU
		{BB4B20AA-6B57-40D0-99F5-4BE223DBE6B8}.Release|x86.Build.0 = Release|Any CPU
		{FA63992A-8614-4A13-9F2D-74E87A681D69}.Ad-Hoc|Any CPU.ActiveCfg = Debug|Any CPU
		{FA63992A-8614-4A13-9F2D-74E87A681D69}.Ad-Hoc|Any CPU.Build.0 = Debug|Any CPU
		{FA63992A-8614-4A13-9F2D-74E87A681D69}.Ad-Hoc|ARM.ActiveCfg = Debug|Any CPU
		{FA63992A-8614-4A13-9F2D-74E87A681D69}.Ad-Hoc|ARM.Build.0 = Debug|Any CPU
		{FA63992A-8614-4A13-9F2D-74E87A681D69}.Ad-Hoc|iPhone.ActiveCfg = Debug|Any CPU
		{FA63992A-8614-4A13-9F2D-74E87A681D69}.Ad-Hoc|iPhone.Build.0 = Debug|Any CPU
		{FA63992A-8614-4A13-9F2D-74E87A681D69}.Ad-Hoc|iPhoneSimulator.ActiveCfg = Debug|Any CPU
		{FA63992A-8614-4A13-9F2D-74E87A681D69}.Ad-Hoc|iPhoneSimulator.Build.0 = Debug|Any CPU
		{FA63992A-8614-4A13-9F2D-74E87A681D69}.Ad-Hoc|x64.ActiveCfg = Debug|Any CPU
		{FA63992A-8614-4A13-9F2D-74E87A681D69}.Ad-Hoc|x64.Build.0 = Debug|Any CPU
		{FA63992A-8614-4A13-9F2D-74E87A681D69}.Ad-Hoc|x86.ActiveCfg = Debug|Any CPU
		{FA63992A-8614-4A13-9F2D-74E87A681D69}.Ad-Hoc|x86.Build.0 = Debug|Any CPU
		{FA63992A-8614-4A13-9F2D-74E87A681D69}.AppStore|Any CPU.ActiveCfg = Debug|Any CPU
		{FA63992A-8614-4A13-9F2D-74E87A681D69}.AppStore|Any CPU.Build.0 = Debug|Any CPU
		{FA63992A-8614-4A13-9F2D-74E87A681D69}.AppStore|ARM.ActiveCfg = Debug|Any CPU
		{FA63992A-8614-4A13-9F2D-74E87A681D69}.AppStore|ARM.Build.0 = Debug|Any CPU
		{FA63992A-8614-4A13-9F2D-74E87A681D69}.AppStore|iPhone.ActiveCfg = Debug|Any CPU
		{FA63992A-8614-4A13-9F2D-74E87A681D69}.AppStore|iPhone.Build.0 = Debug|Any CPU
		{FA63992A-8614-4A13-9F2D-74E87A681D69}.AppStore|iPhoneSimulator.ActiveCfg = Debug|Any CPU
		{FA63992A-8614-4A13-9F2D-74E87A681D69}.AppStore|iPhoneSimulator.Build.0 = Debug|Any CPU
		{FA63992A-8614-4A13-9F2D-74E87A681D69}.AppStore|x64.ActiveCfg = Debug|Any CPU
		{FA63992A-8614-4A13-9F2D-74E87A681D69}.AppStore|x64.Build.0 = Debug|Any CPU
		{FA63992A-8614-4A13-9F2D-74E87A681D69}.AppStore|x86.ActiveCfg = Debug|Any CPU
		{FA63992A-8614-4A13-9F2D-74E87A681D69}.AppStore|x86.Build.0 = Debug|Any CPU
		{FA63992A-8614-4A13-9F2D-74E87A681D69}.Debug|Any CPU.ActiveCfg = Debug|Any CPU
		{FA63992A-8614-4A13-9F2D-74E87A681D69}.Debug|Any CPU.Build.0 = Debug|Any CPU
		{FA63992A-8614-4A13-9F2D-74E87A681D69}.Debug|ARM.ActiveCfg = Debug|Any CPU
		{FA63992A-8614-4A13-9F2D-74E87A681D69}.Debug|ARM.Build.0 = Debug|Any CPU
		{FA63992A-8614-4A13-9F2D-74E87A681D69}.Debug|iPhone.ActiveCfg = Debug|Any CPU
		{FA63992A-8614-4A13-9F2D-74E87A681D69}.Debug|iPhone.Build.0 = Debug|Any CPU
		{FA63992A-8614-4A13-9F2D-74E87A681D69}.Debug|iPhoneSimulator.ActiveCfg = Debug|Any CPU
		{FA63992A-8614-4A13-9F2D-74E87A681D69}.Debug|iPhoneSimulator.Build.0 = Debug|Any CPU
		{FA63992A-8614-4A13-9F2D-74E87A681D69}.Debug|x64.ActiveCfg = Debug|Any CPU
		{FA63992A-8614-4A13-9F2D-74E87A681D69}.Debug|x64.Build.0 = Debug|Any CPU
		{FA63992A-8614-4A13-9F2D-74E87A681D69}.Debug|x86.ActiveCfg = Debug|Any CPU
		{FA63992A-8614-4A13-9F2D-74E87A681D69}.Debug|x86.Build.0 = Debug|Any CPU
		{FA63992A-8614-4A13-9F2D-74E87A681D69}.Release|Any CPU.ActiveCfg = Release|Any CPU
		{FA63992A-8614-4A13-9F2D-74E87A681D69}.Release|Any CPU.Build.0 = Release|Any CPU
		{FA63992A-8614-4A13-9F2D-74E87A681D69}.Release|ARM.ActiveCfg = Release|Any CPU
		{FA63992A-8614-4A13-9F2D-74E87A681D69}.Release|ARM.Build.0 = Release|Any CPU
		{FA63992A-8614-4A13-9F2D-74E87A681D69}.Release|iPhone.ActiveCfg = Release|Any CPU
		{FA63992A-8614-4A13-9F2D-74E87A681D69}.Release|iPhone.Build.0 = Release|Any CPU
		{FA63992A-8614-4A13-9F2D-74E87A681D69}.Release|iPhoneSimulator.ActiveCfg = Release|Any CPU
		{FA63992A-8614-4A13-9F2D-74E87A681D69}.Release|iPhoneSimulator.Build.0 = Release|Any CPU
		{FA63992A-8614-4A13-9F2D-74E87A681D69}.Release|x64.ActiveCfg = Release|Any CPU
		{FA63992A-8614-4A13-9F2D-74E87A681D69}.Release|x64.Build.0 = Release|Any CPU
		{FA63992A-8614-4A13-9F2D-74E87A681D69}.Release|x86.ActiveCfg = Release|Any CPU
		{FA63992A-8614-4A13-9F2D-74E87A681D69}.Release|x86.Build.0 = Release|Any CPU
		{610BEF47-5386-40C8-AAFB-227A8A628C05}.Ad-Hoc|Any CPU.ActiveCfg = Debug|Any CPU
		{610BEF47-5386-40C8-AAFB-227A8A628C05}.Ad-Hoc|Any CPU.Build.0 = Debug|Any CPU
		{610BEF47-5386-40C8-AAFB-227A8A628C05}.Ad-Hoc|ARM.ActiveCfg = Debug|Any CPU
		{610BEF47-5386-40C8-AAFB-227A8A628C05}.Ad-Hoc|ARM.Build.0 = Debug|Any CPU
		{610BEF47-5386-40C8-AAFB-227A8A628C05}.Ad-Hoc|iPhone.ActiveCfg = Debug|Any CPU
		{610BEF47-5386-40C8-AAFB-227A8A628C05}.Ad-Hoc|iPhone.Build.0 = Debug|Any CPU
		{610BEF47-5386-40C8-AAFB-227A8A628C05}.Ad-Hoc|iPhoneSimulator.ActiveCfg = Debug|Any CPU
		{610BEF47-5386-40C8-AAFB-227A8A628C05}.Ad-Hoc|iPhoneSimulator.Build.0 = Debug|Any CPU
		{610BEF47-5386-40C8-AAFB-227A8A628C05}.Ad-Hoc|x64.ActiveCfg = Debug|Any CPU
		{610BEF47-5386-40C8-AAFB-227A8A628C05}.Ad-Hoc|x64.Build.0 = Debug|Any CPU
		{610BEF47-5386-40C8-AAFB-227A8A628C05}.Ad-Hoc|x86.ActiveCfg = Debug|Any CPU
		{610BEF47-5386-40C8-AAFB-227A8A628C05}.Ad-Hoc|x86.Build.0 = Debug|Any CPU
		{610BEF47-5386-40C8-AAFB-227A8A628C05}.AppStore|Any CPU.ActiveCfg = Debug|Any CPU
		{610BEF47-5386-40C8-AAFB-227A8A628C05}.AppStore|Any CPU.Build.0 = Debug|Any CPU
		{610BEF47-5386-40C8-AAFB-227A8A628C05}.AppStore|ARM.ActiveCfg = Debug|Any CPU
		{610BEF47-5386-40C8-AAFB-227A8A628C05}.AppStore|ARM.Build.0 = Debug|Any CPU
		{610BEF47-5386-40C8-AAFB-227A8A628C05}.AppStore|iPhone.ActiveCfg = Debug|Any CPU
		{610BEF47-5386-40C8-AAFB-227A8A628C05}.AppStore|iPhone.Build.0 = Debug|Any CPU
		{610BEF47-5386-40C8-AAFB-227A8A628C05}.AppStore|iPhoneSimulator.ActiveCfg = Debug|Any CPU
		{610BEF47-5386-40C8-AAFB-227A8A628C05}.AppStore|iPhoneSimulator.Build.0 = Debug|Any CPU
		{610BEF47-5386-40C8-AAFB-227A8A628C05}.AppStore|x64.ActiveCfg = Debug|Any CPU
		{610BEF47-5386-40C8-AAFB-227A8A628C05}.AppStore|x64.Build.0 = Debug|Any CPU
		{610BEF47-5386-40C8-AAFB-227A8A628C05}.AppStore|x86.ActiveCfg = Debug|Any CPU
		{610BEF47-5386-40C8-AAFB-227A8A628C05}.AppStore|x86.Build.0 = Debug|Any CPU
		{610BEF47-5386-40C8-AAFB-227A8A628C05}.Debug|Any CPU.ActiveCfg = Debug|Any CPU
		{610BEF47-5386-40C8-AAFB-227A8A628C05}.Debug|Any CPU.Build.0 = Debug|Any CPU
		{610BEF47-5386-40C8-AAFB-227A8A628C05}.Debug|ARM.ActiveCfg = Debug|Any CPU
		{610BEF47-5386-40C8-AAFB-227A8A628C05}.Debug|ARM.Build.0 = Debug|Any CPU
		{610BEF47-5386-40C8-AAFB-227A8A628C05}.Debug|iPhone.ActiveCfg = Debug|Any CPU
		{610BEF47-5386-40C8-AAFB-227A8A628C05}.Debug|iPhone.Build.0 = Debug|Any CPU
		{610BEF47-5386-40C8-AAFB-227A8A628C05}.Debug|iPhoneSimulator.ActiveCfg = Debug|Any CPU
		{610BEF47-5386-40C8-AAFB-227A8A628C05}.Debug|iPhoneSimulator.Build.0 = Debug|Any CPU
		{610BEF47-5386-40C8-AAFB-227A8A628C05}.Debug|x64.ActiveCfg = Debug|Any CPU
		{610BEF47-5386-40C8-AAFB-227A8A628C05}.Debug|x64.Build.0 = Debug|Any CPU
		{610BEF47-5386-40C8-AAFB-227A8A628C05}.Debug|x86.ActiveCfg = Debug|Any CPU
		{610BEF47-5386-40C8-AAFB-227A8A628C05}.Debug|x86.Build.0 = Debug|Any CPU
		{610BEF47-5386-40C8-AAFB-227A8A628C05}.Release|Any CPU.ActiveCfg = Release|Any CPU
		{610BEF47-5386-40C8-AAFB-227A8A628C05}.Release|Any CPU.Build.0 = Release|Any CPU
		{610BEF47-5386-40C8-AAFB-227A8A628C05}.Release|ARM.ActiveCfg = Release|Any CPU
		{610BEF47-5386-40C8-AAFB-227A8A628C05}.Release|ARM.Build.0 = Release|Any CPU
		{610BEF47-5386-40C8-AAFB-227A8A628C05}.Release|iPhone.ActiveCfg = Release|Any CPU
		{610BEF47-5386-40C8-AAFB-227A8A628C05}.Release|iPhone.Build.0 = Release|Any CPU
		{610BEF47-5386-40C8-AAFB-227A8A628C05}.Release|iPhoneSimulator.ActiveCfg = Release|Any CPU
		{610BEF47-5386-40C8-AAFB-227A8A628C05}.Release|iPhoneSimulator.Build.0 = Release|Any CPU
		{610BEF47-5386-40C8-AAFB-227A8A628C05}.Release|x64.ActiveCfg = Release|Any CPU
		{610BEF47-5386-40C8-AAFB-227A8A628C05}.Release|x64.Build.0 = Release|Any CPU
		{610BEF47-5386-40C8-AAFB-227A8A628C05}.Release|x86.ActiveCfg = Release|Any CPU
		{610BEF47-5386-40C8-AAFB-227A8A628C05}.Release|x86.Build.0 = Release|Any CPU
		{F7C4AB59-2EB7-4E54-A7F6-356E9D5F1B55}.Ad-Hoc|Any CPU.ActiveCfg = Debug|Any CPU
		{F7C4AB59-2EB7-4E54-A7F6-356E9D5F1B55}.Ad-Hoc|Any CPU.Build.0 = Debug|Any CPU
		{F7C4AB59-2EB7-4E54-A7F6-356E9D5F1B55}.Ad-Hoc|ARM.ActiveCfg = Debug|Any CPU
		{F7C4AB59-2EB7-4E54-A7F6-356E9D5F1B55}.Ad-Hoc|ARM.Build.0 = Debug|Any CPU
		{F7C4AB59-2EB7-4E54-A7F6-356E9D5F1B55}.Ad-Hoc|iPhone.ActiveCfg = Debug|Any CPU
		{F7C4AB59-2EB7-4E54-A7F6-356E9D5F1B55}.Ad-Hoc|iPhone.Build.0 = Debug|Any CPU
		{F7C4AB59-2EB7-4E54-A7F6-356E9D5F1B55}.Ad-Hoc|iPhoneSimulator.ActiveCfg = Debug|Any CPU
		{F7C4AB59-2EB7-4E54-A7F6-356E9D5F1B55}.Ad-Hoc|iPhoneSimulator.Build.0 = Debug|Any CPU
		{F7C4AB59-2EB7-4E54-A7F6-356E9D5F1B55}.Ad-Hoc|x64.ActiveCfg = Debug|Any CPU
		{F7C4AB59-2EB7-4E54-A7F6-356E9D5F1B55}.Ad-Hoc|x64.Build.0 = Debug|Any CPU
		{F7C4AB59-2EB7-4E54-A7F6-356E9D5F1B55}.Ad-Hoc|x86.ActiveCfg = Debug|Any CPU
		{F7C4AB59-2EB7-4E54-A7F6-356E9D5F1B55}.Ad-Hoc|x86.Build.0 = Debug|Any CPU
		{F7C4AB59-2EB7-4E54-A7F6-356E9D5F1B55}.AppStore|Any CPU.ActiveCfg = Debug|Any CPU
		{F7C4AB59-2EB7-4E54-A7F6-356E9D5F1B55}.AppStore|Any CPU.Build.0 = Debug|Any CPU
		{F7C4AB59-2EB7-4E54-A7F6-356E9D5F1B55}.AppStore|ARM.ActiveCfg = Debug|Any CPU
		{F7C4AB59-2EB7-4E54-A7F6-356E9D5F1B55}.AppStore|ARM.Build.0 = Debug|Any CPU
		{F7C4AB59-2EB7-4E54-A7F6-356E9D5F1B55}.AppStore|iPhone.ActiveCfg = Debug|Any CPU
		{F7C4AB59-2EB7-4E54-A7F6-356E9D5F1B55}.AppStore|iPhone.Build.0 = Debug|Any CPU
		{F7C4AB59-2EB7-4E54-A7F6-356E9D5F1B55}.AppStore|iPhoneSimulator.ActiveCfg = Debug|Any CPU
		{F7C4AB59-2EB7-4E54-A7F6-356E9D5F1B55}.AppStore|iPhoneSimulator.Build.0 = Debug|Any CPU
		{F7C4AB59-2EB7-4E54-A7F6-356E9D5F1B55}.AppStore|x64.ActiveCfg = Debug|Any CPU
		{F7C4AB59-2EB7-4E54-A7F6-356E9D5F1B55}.AppStore|x64.Build.0 = Debug|Any CPU
		{F7C4AB59-2EB7-4E54-A7F6-356E9D5F1B55}.AppStore|x86.ActiveCfg = Debug|Any CPU
		{F7C4AB59-2EB7-4E54-A7F6-356E9D5F1B55}.AppStore|x86.Build.0 = Debug|Any CPU
		{F7C4AB59-2EB7-4E54-A7F6-356E9D5F1B55}.Debug|Any CPU.ActiveCfg = Debug|Any CPU
		{F7C4AB59-2EB7-4E54-A7F6-356E9D5F1B55}.Debug|Any CPU.Build.0 = Debug|Any CPU
		{F7C4AB59-2EB7-4E54-A7F6-356E9D5F1B55}.Debug|ARM.ActiveCfg = Debug|Any CPU
		{F7C4AB59-2EB7-4E54-A7F6-356E9D5F1B55}.Debug|ARM.Build.0 = Debug|Any CPU
		{F7C4AB59-2EB7-4E54-A7F6-356E9D5F1B55}.Debug|iPhone.ActiveCfg = Debug|Any CPU
		{F7C4AB59-2EB7-4E54-A7F6-356E9D5F1B55}.Debug|iPhone.Build.0 = Debug|Any CPU
		{F7C4AB59-2EB7-4E54-A7F6-356E9D5F1B55}.Debug|iPhoneSimulator.ActiveCfg = Debug|Any CPU
		{F7C4AB59-2EB7-4E54-A7F6-356E9D5F1B55}.Debug|iPhoneSimulator.Build.0 = Debug|Any CPU
		{F7C4AB59-2EB7-4E54-A7F6-356E9D5F1B55}.Debug|x64.ActiveCfg = Debug|Any CPU
		{F7C4AB59-2EB7-4E54-A7F6-356E9D5F1B55}.Debug|x64.Build.0 = Debug|Any CPU
		{F7C4AB59-2EB7-4E54-A7F6-356E9D5F1B55}.Debug|x86.ActiveCfg = Debug|Any CPU
		{F7C4AB59-2EB7-4E54-A7F6-356E9D5F1B55}.Debug|x86.Build.0 = Debug|Any CPU
		{F7C4AB59-2EB7-4E54-A7F6-356E9D5F1B55}.Release|Any CPU.ActiveCfg = Release|Any CPU
		{F7C4AB59-2EB7-4E54-A7F6-356E9D5F1B55}.Release|Any CPU.Build.0 = Release|Any CPU
		{F7C4AB59-2EB7-4E54-A7F6-356E9D5F1B55}.Release|ARM.ActiveCfg = Release|Any CPU
		{F7C4AB59-2EB7-4E54-A7F6-356E9D5F1B55}.Release|ARM.Build.0 = Release|Any CPU
		{F7C4AB59-2EB7-4E54-A7F6-356E9D5F1B55}.Release|iPhone.ActiveCfg = Release|Any CPU
		{F7C4AB59-2EB7-4E54-A7F6-356E9D5F1B55}.Release|iPhone.Build.0 = Release|Any CPU
		{F7C4AB59-2EB7-4E54-A7F6-356E9D5F1B55}.Release|iPhoneSimulator.ActiveCfg = Release|Any CPU
		{F7C4AB59-2EB7-4E54-A7F6-356E9D5F1B55}.Release|iPhoneSimulator.Build.0 = Release|Any CPU
		{F7C4AB59-2EB7-4E54-A7F6-356E9D5F1B55}.Release|x64.ActiveCfg = Release|Any CPU
		{F7C4AB59-2EB7-4E54-A7F6-356E9D5F1B55}.Release|x64.Build.0 = Release|Any CPU
		{F7C4AB59-2EB7-4E54-A7F6-356E9D5F1B55}.Release|x86.ActiveCfg = Release|Any CPU
		{F7C4AB59-2EB7-4E54-A7F6-356E9D5F1B55}.Release|x86.Build.0 = Release|Any CPU
	EndGlobalSection
	GlobalSection(SolutionProperties) = preSolution
		HideSolutionNode = FALSE
	EndGlobalSection
	GlobalSection(NestedProjects) = preSolution
		{48A4B30C-074B-4637-9F7F-E8DB27472EAA} = {BB10A23C-20E2-416E-B0C7-70CF29AFABD5}
		{BB4B20AA-6B57-40D0-99F5-4BE223DBE6B8} = {BB10A23C-20E2-416E-B0C7-70CF29AFABD5}
		{FA63992A-8614-4A13-9F2D-74E87A681D69} = {FF8A952C-3C4C-49B8-BE12-EEE3E8515CCF}
		{610BEF47-5386-40C8-AAFB-227A8A628C05} = {FF8A952C-3C4C-49B8-BE12-EEE3E8515CCF}
		{F7C4AB59-2EB7-4E54-A7F6-356E9D5F1B55} = {FF8A952C-3C4C-49B8-BE12-EEE3E8515CCF}
	EndGlobalSection
	GlobalSection(ExtensibilityGlobals) = postSolution
		SolutionGuid = {C8512823-A14F-4904-AE52-8FC93DC91878}
	EndGlobalSection
EndGlobal
